
Microsoft Visual Studio Solution File, Format Version 12.00
# Visual Studio 14
VisualStudioVersion = 14.0.25420.1
MinimumVisualStudioVersion = 10.0.40219.1
Project("{FAE04EC0-301F-11D3-BF4B-00C04F79EFBC}") = "BookStoreDatabase", "BookStoreDatabase\BookStoreDatabase.csproj", "{80C99C7D-FCA8-4053-9B46-72DE6575ECE8}"
EndProject
Project("{FAE04EC0-301F-11D3-BF4B-00C04F79EFBC}") = "dbtster", "dbtster\dbtster.csproj", "{80B02214-50AC-47F3-8B96-DC89F2FF3F3A}"
EndProject
Project("{FAE04EC0-301F-11D3-BF4B-00C04F79EFBC}") = "NinjectTest", "NinjectTest\NinjectTest.csproj", "{0B4BA6E3-C861-4618-A10D-2C49BA262493}"
EndProject
Project("{FAE04EC0-301F-11D3-BF4B-00C04F79EFBC}") = "ReadFromExcelFile", "ReadFromExcelFile\ReadFromExcelFile.csproj", "{402BF0E8-28AC-4A53-BC7C-10328C07BAD5}"
EndProject
Project("{FAE04EC0-301F-11D3-BF4B-00C04F79EFBC}") = "ImportFromXMLFile", "ImportFromXMLFile\ImportFromXMLFile.csproj", "{EE36CE0D-B33D-4778-843A-2D6C76C9BA65}"
EndProject
Project("{FAE04EC0-301F-11D3-BF4B-00C04F79EFBC}") = "PathFinder", "PathFinder\PathFinder.csproj", "{A8BC971B-1A26-485B-8D80-890A5626842C}"
EndProject
Global
	GlobalSection(SolutionConfigurationPlatforms) = preSolution
		Debug|Any CPU = Debug|Any CPU
		Release|Any CPU = Release|Any CPU
	EndGlobalSection
	GlobalSection(ProjectConfigurationPlatforms) = postSolution
		{80C99C7D-FCA8-4053-9B46-72DE6575ECE8}.Debug|Any CPU.ActiveCfg = Debug|Any CPU
		{80C99C7D-FCA8-4053-9B46-72DE6575ECE8}.Debug|Any CPU.Build.0 = Debug|Any CPU
		{80C99C7D-FCA8-4053-9B46-72DE6575ECE8}.Release|Any CPU.ActiveCfg = Release|Any CPU
		{80C99C7D-FCA8-4053-9B46-72DE6575ECE8}.Release|Any CPU.Build.0 = Release|Any CPU
		{80B02214-50AC-47F3-8B96-DC89F2FF3F3A}.Debug|Any CPU.ActiveCfg = Debug|Any CPU
		{80B02214-50AC-47F3-8B96-DC89F2FF3F3A}.Debug|Any CPU.Build.0 = Debug|Any CPU
		{80B02214-50AC-47F3-8B96-DC89F2FF3F3A}.Release|Any CPU.ActiveCfg = Release|Any CPU
		{80B02214-50AC-47F3-8B96-DC89F2FF3F3A}.Release|Any CPU.Build.0 = Release|Any CPU
		{0B4BA6E3-C861-4618-A10D-2C49BA262493}.Debug|Any CPU.ActiveCfg = Debug|Any CPU
		{0B4BA6E3-C861-4618-A10D-2C49BA262493}.Debug|Any CPU.Build.0 = Debug|Any CPU
		{0B4BA6E3-C861-4618-A10D-2C49BA262493}.Release|Any CPU.ActiveCfg = Release|Any CPU
		{0B4BA6E3-C861-4618-A10D-2C49BA262493}.Release|Any CPU.Build.0 = Release|Any CPU
		{402BF0E8-28AC-4A53-BC7C-10328C07BAD5}.Debug|Any CPU.ActiveCfg = Debug|Any CPU
		{402BF0E8-28AC-4A53-BC7C-10328C07BAD5}.Debug|Any CPU.Build.0 = Debug|Any CPU
		{402BF0E8-28AC-4A53-BC7C-10328C07BAD5}.Release|Any CPU.ActiveCfg = Release|Any CPU
		{402BF0E8-28AC-4A53-BC7C-10328C07BAD5}.Release|Any CPU.Build.0 = Release|Any CPU
		{EE36CE0D-B33D-4778-843A-2D6C76C9BA65}.Debug|Any CPU.ActiveCfg = Debug|Any CPU
		{EE36CE0D-B33D-4778-843A-2D6C76C9BA65}.Debug|Any CPU.Build.0 = Debug|Any CPU
		{EE36CE0D-B33D-4778-843A-2D6C76C9BA65}.Release|Any CPU.ActiveCfg = Release|Any CPU
		{EE36CE0D-B33D-4778-843A-2D6C76C9BA65}.Release|Any CPU.Build.0 = Release|Any CPU
		{A8BC971B-1A26-485B-8D80-890A5626842C}.Debug|Any CPU.ActiveCfg = Debug|Any CPU
		{A8BC971B-1A26-485B-8D80-890A5626842C}.Debug|Any CPU.Build.0 = Debug|Any CPU
		{A8BC971B-1A26-485B-8D80-890A5626842C}.Release|Any CPU.ActiveCfg = Release|Any CPU
		{A8BC971B-1A26-485B-8D80-890A5626842C}.Release|Any CPU.Build.0 = Release|Any CPU
	EndGlobalSection
	GlobalSection(SolutionProperties) = preSolution
		HideSolutionNode = FALSE
	EndGlobalSection
EndGlobal
